
Microsoft Visual Studio Solution File, Format Version 12.00
# Visual Studio Version 17
VisualStudioVersion = 17.8.34408.163
MinimumVisualStudioVersion = 10.0.40219.1
Project("{FAE04EC0-301F-11D3-BF4B-00C04F79EFBC}") = "E1PM2", "E1PM2\E1PM2.csproj", "{17EF37A1-8F92-4057-BC34-CA0F8BC2443E}"
EndProject
Global
	GlobalSection(SolutionConfigurationPlatforms) = preSolution
		Debug|Any CPU = Debug|Any CPU
		Release|Any CPU = Release|Any CPU
	EndGlobalSection
	GlobalSection(ProjectConfigurationPlatforms) = postSolution
		{17EF37A1-8F92-4057-BC34-CA0F8BC2443E}.Debug|Any CPU.ActiveCfg = Debug|Any CPU
		{17EF37A1-8F92-4057-BC34-CA0F8BC2443E}.Debug|Any CPU.Build.0 = Debug|Any CPU
		{17EF37A1-8F92-4057-BC34-CA0F8BC2443E}.Debug|Any CPU.Deploy.0 = Debug|Any CPU
		{17EF37A1-8F92-4057-BC34-CA0F8BC2443E}.Release|Any CPU.ActiveCfg = Release|Any CPU
		{17EF37A1-8F92-4057-BC34-CA0F8BC2443E}.Release|Any CPU.Build.0 = Release|Any CPU
		{17EF37A1-8F92-4057-BC34-CA0F8BC2443E}.Release|Any CPU.Deploy.0 = Release|Any CPU
	EndGlobalSection
	GlobalSection(SolutionProperties) = preSolution
		HideSolutionNode = FALSE
	EndGlobalSection
	GlobalSection(ExtensibilityGlobals) = postSolution
		SolutionGuid = {CF0A0469-CB1D-4EE4-94BA-789225326AFE}
	EndGlobalSection
EndGlobal
